// !$*UTF8*$!
{
	archiveVersion = 1;
	classes = {
	};
	objectVersion = 56;
	objects = {

/* Begin PBXBuildFile section */
		3D4D90AA2A4384ED0078E7BE /* BaseTest.swift in Sources */ = {isa = PBXBuildFile; fileRef = 3D4D90A92A4384ED0078E7BE /* BaseTest.swift */; };
		3DB8DCB92A408AD0006AA0ED /* XcuiTestBaseFrameworkApp.swift in Sources */ = {isa = PBXBuildFile; fileRef = 3DB8DCB82A408AD0006AA0ED /* XcuiTestBaseFrameworkApp.swift */; };
		3DB8DCBB2A408AD0006AA0ED /* ContentView.swift in Sources */ = {isa = PBXBuildFile; fileRef = 3DB8DCBA2A408AD0006AA0ED /* ContentView.swift */; };
		3DB8DCBD2A408AD1006AA0ED /* Assets.xcassets in Resources */ = {isa = PBXBuildFile; fileRef = 3DB8DCBC2A408AD1006AA0ED /* Assets.xcassets */; };
		3DB8DCC12A408AD1006AA0ED /* Preview Assets.xcassets in Resources */ = {isa = PBXBuildFile; fileRef = 3DB8DCC02A408AD1006AA0ED /* Preview Assets.xcassets */; };
		3DB8DCD52A408AD1006AA0ED /* XcuiTestBaseFrameworkUITests.swift in Sources */ = {isa = PBXBuildFile; fileRef = 3DB8DCD42A408AD1006AA0ED /* XcuiTestBaseFrameworkUITests.swift */; };
		3DB8DCD72A408AD1006AA0ED /* XcuiTestBaseFrameworkUITestsLaunchTests.swift in Sources */ = {isa = PBXBuildFile; fileRef = 3DB8DCD62A408AD1006AA0ED /* XcuiTestBaseFrameworkUITestsLaunchTests.swift */; };
/* End PBXBuildFile section */

/* Begin PBXContainerItemProxy section */
		3DB8DCC72A408AD1006AA0ED /* PBXContainerItemProxy */ = {
			isa = PBXContainerItemProxy;
			containerPortal = 3DB8DCAD2A408AD0006AA0ED /* Project object */;
			proxyType = 1;
			remoteGlobalIDString = 3DB8DCB42A408AD0006AA0ED;
			remoteInfo = XcuiTestBaseFramework;
		};
		3DB8DCD12A408AD1006AA0ED /* PBXContainerItemProxy */ = {
			isa = PBXContainerItemProxy;
			containerPortal = 3DB8DCAD2A408AD0006AA0ED /* Project object */;
			proxyType = 1;
			remoteGlobalIDString = 3DB8DCB42A408AD0006AA0ED;
			remoteInfo = XcuiTestBaseFramework;
		};
/* End PBXContainerItemProxy section */

/* Begin PBXFileReference section */
		3D4D90A92A4384ED0078E7BE /* BaseTest.swift */ = {isa = PBXFileReference; lastKnownFileType = sourcecode.swift; path = BaseTest.swift; sourceTree = "<group>"; };
		3DB8DCB52A408AD0006AA0ED /* XcuiTestBaseFramework.app */ = {isa = PBXFileReference; explicitFileType = wrapper.application; includeInIndex = 0; path = XcuiTestBaseFramework.app; sourceTree = BUILT_PRODUCTS_DIR; };
		3DB8DCB82A408AD0006AA0ED /* XcuiTestBaseFrameworkApp.swift */ = {isa = PBXFileReference; lastKnownFileType = sourcecode.swift; path = XcuiTestBaseFrameworkApp.swift; sourceTree = "<group>"; };
		3DB8DCBA2A408AD0006AA0ED /* ContentView.swift */ = {isa = PBXFileReference; lastKnownFileType = sourcecode.swift; path = ContentView.swift; sourceTree = "<group>"; };
		3DB8DCBC2A408AD1006AA0ED /* Assets.xcassets */ = {isa = PBXFileReference; lastKnownFileType = folder.assetcatalog; path = Assets.xcassets; sourceTree = "<group>"; };
		3DB8DCBE2A408AD1006AA0ED /* XcuiTestBaseFramework.entitlements */ = {isa = PBXFileReference; lastKnownFileType = text.plist.entitlements; path = XcuiTestBaseFramework.entitlements; sourceTree = "<group>"; };
		3DB8DCC02A408AD1006AA0ED /* Preview Assets.xcassets */ = {isa = PBXFileReference; lastKnownFileType = folder.assetcatalog; path = "Preview Assets.xcassets"; sourceTree = "<group>"; };
		3DB8DCC62A408AD1006AA0ED /* XcuiTestBaseFrameworkTests.xctest */ = {isa = PBXFileReference; explicitFileType = wrapper.cfbundle; includeInIndex = 0; path = XcuiTestBaseFrameworkTests.xctest; sourceTree = BUILT_PRODUCTS_DIR; };
		3DB8DCD02A408AD1006AA0ED /* XcuiTestBaseFrameworkUITests.xctest */ = {isa = PBXFileReference; explicitFileType = wrapper.cfbundle; includeInIndex = 0; path = XcuiTestBaseFrameworkUITests.xctest; sourceTree = BUILT_PRODUCTS_DIR; };
		3DB8DCD42A408AD1006AA0ED /* XcuiTestBaseFrameworkUITests.swift */ = {isa = PBXFileReference; lastKnownFileType = sourcecode.swift; path = XcuiTestBaseFrameworkUITests.swift; sourceTree = "<group>"; };
		3DB8DCD62A408AD1006AA0ED /* XcuiTestBaseFrameworkUITestsLaunchTests.swift */ = {isa = PBXFileReference; lastKnownFileType = sourcecode.swift; path = XcuiTestBaseFrameworkUITestsLaunchTests.swift; sourceTree = "<group>"; };
/* End PBXFileReference section */

/* Begin PBXFrameworksBuildPhase section */
		3DB8DCB22A408AD0006AA0ED /* Frameworks */ = {
			isa = PBXFrameworksBuildPhase;
			buildActionMask = 2147483647;
			files = (
			);
			runOnlyForDeploymentPostprocessing = 0;
		};
		3DB8DCC32A408AD1006AA0ED /* Frameworks */ = {
			isa = PBXFrameworksBuildPhase;
			buildActionMask = 2147483647;
			files = (
			);
			runOnlyForDeploymentPostprocessing = 0;
		};
		3DB8DCCD2A408AD1006AA0ED /* Frameworks */ = {
			isa = PBXFrameworksBuildPhase;
			buildActionMask = 2147483647;
			files = (
			);
			runOnlyForDeploymentPostprocessing = 0;
		};
/* End PBXFrameworksBuildPhase section */

/* Begin PBXGroup section */
		3DB8DCAC2A408AD0006AA0ED = {
			isa = PBXGroup;
			children = (
				3DB8DCB72A408AD0006AA0ED /* XcuiTestBaseFramework */,
				3DB8DCD32A408AD1006AA0ED /* XcuiTestBaseFrameworkUITests */,
				3DB8DCB62A408AD0006AA0ED /* Products */,
			);
			sourceTree = "<group>";
		};
		3DB8DCB62A408AD0006AA0ED /* Products */ = {
			isa = PBXGroup;
			children = (
				3DB8DCB52A408AD0006AA0ED /* XcuiTestBaseFramework.app */,
				3DB8DCC62A408AD1006AA0ED /* XcuiTestBaseFrameworkTests.xctest */,
				3DB8DCD02A408AD1006AA0ED /* XcuiTestBaseFrameworkUITests.xctest */,
			);
			name = Products;
			sourceTree = "<group>";
		};
		3DB8DCB72A408AD0006AA0ED /* XcuiTestBaseFramework */ = {
			isa = PBXGroup;
			children = (
				3DB8DCB82A408AD0006AA0ED /* XcuiTestBaseFrameworkApp.swift */,
				3DB8DCBA2A408AD0006AA0ED /* ContentView.swift */,
				3DB8DCBC2A408AD1006AA0ED /* Assets.xcassets */,
				3DB8DCBE2A408AD1006AA0ED /* XcuiTestBaseFramework.entitlements */,
				3DB8DCBF2A408AD1006AA0ED /* Preview Content */,
			);
			path = XcuiTestBaseFramework;
			sourceTree = "<group>";
		};
		3DB8DCBF2A408AD1006AA0ED /* Preview Content */ = {
			isa = PBXGroup;
			children = (
				3DB8DCC02A408AD1006AA0ED /* Preview Assets.xcassets */,
			);
			path = "Preview Content";
			sourceTree = "<group>";
		};
		3DB8DCD32A408AD1006AA0ED /* XcuiTestBaseFrameworkUITests */ = {
			isa = PBXGroup;
			children = (
				3DB8DCD42A408AD1006AA0ED /* XcuiTestBaseFrameworkUITests.swift */,
				3DB8DCD62A408AD1006AA0ED /* XcuiTestBaseFrameworkUITestsLaunchTests.swift */,
				3D4D90A92A4384ED0078E7BE /* BaseTest.swift */,
			);
			path = XcuiTestBaseFrameworkUITests;
			sourceTree = "<group>";
		};
/* End PBXGroup section */

/* Begin PBXNativeTarget section */
		3DB8DCB42A408AD0006AA0ED /* XcuiTestBaseFramework */ = {
			isa = PBXNativeTarget;
			buildConfigurationList = 3DB8DCDA2A408AD1006AA0ED /* Build configuration list for PBXNativeTarget "XcuiTestBaseFramework" */;
			buildPhases = (
				3DB8DCB12A408AD0006AA0ED /* Sources */,
				3DB8DCB22A408AD0006AA0ED /* Frameworks */,
				3DB8DCB32A408AD0006AA0ED /* Resources */,
			);
			buildRules = (
			);
			dependencies = (
			);
			name = XcuiTestBaseFramework;
			productName = XcuiTestBaseFramework;
			productReference = 3DB8DCB52A408AD0006AA0ED /* XcuiTestBaseFramework.app */;
			productType = "com.apple.product-type.application";
		};
		3DB8DCC52A408AD1006AA0ED /* XcuiTestBaseFrameworkTests */ = {
			isa = PBXNativeTarget;
			buildConfigurationList = 3DB8DCDD2A408AD1006AA0ED /* Build configuration list for PBXNativeTarget "XcuiTestBaseFrameworkTests" */;
			buildPhases = (
				3DB8DCC22A408AD1006AA0ED /* Sources */,
				3DB8DCC32A408AD1006AA0ED /* Frameworks */,
				3DB8DCC42A408AD1006AA0ED /* Resources */,
			);
			buildRules = (
			);
			dependencies = (
				3DB8DCC82A408AD1006AA0ED /* PBXTargetDependency */,
			);
			name = XcuiTestBaseFrameworkTests;
			productName = XcuiTestBaseFrameworkTests;
			productReference = 3DB8DCC62A408AD1006AA0ED /* XcuiTestBaseFrameworkTests.xctest */;
			productType = "com.apple.product-type.bundle.unit-test";
		};
		3DB8DCCF2A408AD1006AA0ED /* XcuiTestBaseFrameworkUITests */ = {
			isa = PBXNativeTarget;
			buildConfigurationList = 3DB8DCE02A408AD1006AA0ED /* Build configuration list for PBXNativeTarget "XcuiTestBaseFrameworkUITests" */;
			buildPhases = (
				3DB8DCCC2A408AD1006AA0ED /* Sources */,
				3DB8DCCD2A408AD1006AA0ED /* Frameworks */,
				3DB8DCCE2A408AD1006AA0ED /* Resources */,
			);
			buildRules = (
			);
			dependencies = (
				3DB8DCD22A408AD1006AA0ED /* PBXTargetDependency */,
			);
			name = XcuiTestBaseFrameworkUITests;
			productName = XcuiTestBaseFrameworkUITests;
			productReference = 3DB8DCD02A408AD1006AA0ED /* XcuiTestBaseFrameworkUITests.xctest */;
			productType = "com.apple.product-type.bundle.ui-testing";
		};
/* End PBXNativeTarget section */

/* Begin PBXProject section */
		3DB8DCAD2A408AD0006AA0ED /* Project object */ = {
			isa = PBXProject;
			attributes = {
				BuildIndependentTargetsInParallel = 1;
				LastSwiftUpdateCheck = 1420;
				LastUpgradeCheck = 1420;
				TargetAttributes = {
					3DB8DCB42A408AD0006AA0ED = {
						CreatedOnToolsVersion = 14.2;
					};
					3DB8DCC52A408AD1006AA0ED = {
						CreatedOnToolsVersion = 14.2;
						TestTargetID = 3DB8DCB42A408AD0006AA0ED;
					};
					3DB8DCCF2A408AD1006AA0ED = {
						CreatedOnToolsVersion = 14.2;
						TestTargetID = 3DB8DCB42A408AD0006AA0ED;
					};
				};
			};
			buildConfigurationList = 3DB8DCB02A408AD0006AA0ED /* Build configuration list for PBXProject "XcuiTestBaseFramework" */;
			compatibilityVersion = "Xcode 14.0";
			developmentRegion = en;
			hasScannedForEncodings = 0;
			knownRegions = (
				en,
				Base,
			);
			mainGroup = 3DB8DCAC2A408AD0006AA0ED;
			productRefGroup = 3DB8DCB62A408AD0006AA0ED /* Products */;
			projectDirPath = "";
			projectRoot = "";
			targets = (
				3DB8DCB42A408AD0006AA0ED /* XcuiTestBaseFramework */,
				3DB8DCC52A408AD1006AA0ED /* XcuiTestBaseFrameworkTests */,
				3DB8DCCF2A408AD1006AA0ED /* XcuiTestBaseFrameworkUITests */,
			);
		};
/* End PBXProject section */

/* Begin PBXResourcesBuildPhase section */
		3DB8DCB32A408AD0006AA0ED /* Resources */ = {
			isa = PBXResourcesBuildPhase;
			buildActionMask = 2147483647;
			files = (
				3DB8DCC12A408AD1006AA0ED /* Preview Assets.xcassets in Resources */,
				3DB8DCBD2A408AD1006AA0ED /* Assets.xcassets in Resources */,
			);
			runOnlyForDeploymentPostprocessing = 0;
		};
		3DB8DCC42A408AD1006AA0ED /* Resources */ = {
			isa = PBXResourcesBuildPhase;
			buildActionMask = 2147483647;
			files = (
			);
			runOnlyForDeploymentPostprocessing = 0;
		};
		3DB8DCCE2A408AD1006AA0ED /* Resources */ = {
			isa = PBXResourcesBuildPhase;
			buildActionMask = 2147483647;
			files = (
			);
			runOnlyForDeploymentPostprocessing = 0;
		};
/* End PBXResourcesBuildPhase section */

/* Begin PBXSourcesBuildPhase section */
		3DB8DCB12A408AD0006AA0ED /* Sources */ = {
			isa = PBXSourcesBuildPhase;
			buildActionMask = 2147483647;
			files = (
				3DB8DCBB2A408AD0006AA0ED /* ContentView.swift in Sources */,
				3DB8DCB92A408AD0006AA0ED /* XcuiTestBaseFrameworkApp.swift in Sources */,
			);
			runOnlyForDeploymentPostprocessing = 0;
		};
		3DB8DCC22A408AD1006AA0ED /* Sources */ = {
			isa = PBXSourcesBuildPhase;
			buildActionMask = 2147483647;
			files = (
			);
			runOnlyForDeploymentPostprocessing = 0;
		};
		3DB8DCCC2A408AD1006AA0ED /* Sources */ = {
			isa = PBXSourcesBuildPhase;
			buildActionMask = 2147483647;
			files = (
				3DB8DCD52A408AD1006AA0ED /* XcuiTestBaseFrameworkUITests.swift in Sources */,
				3D4D90AA2A4384ED0078E7BE /* BaseTest.swift in Sources */,
				3DB8DCD72A408AD1006AA0ED /* XcuiTestBaseFrameworkUITestsLaunchTests.swift in Sources */,
			);
			runOnlyForDeploymentPostprocessing = 0;
		};
/* End PBXSourcesBuildPhase section */

/* Begin PBXTargetDependency section */
		3DB8DCC82A408AD1006AA0ED /* PBXTargetDependency */ = {
			isa = PBXTargetDependency;
			target = 3DB8DCB42A408AD0006AA0ED /* XcuiTestBaseFramework */;
			targetProxy = 3DB8DCC72A408AD1006AA0ED /* PBXContainerItemProxy */;
		};
		3DB8DCD22A408AD1006AA0ED /* PBXTargetDependency */ = {
			isa = PBXTargetDependency;
			target = 3DB8DCB42A408AD0006AA0ED /* XcuiTestBaseFramework */;
			targetProxy = 3DB8DCD12A408AD1006AA0ED /* PBXContainerItemProxy */;
		};
/* End PBXTargetDependency section */

/* Begin XCBuildConfiguration section */
		3DB8DCD82A408AD1006AA0ED /* Debug */ = {
			isa = XCBuildConfiguration;
			buildSettings = {
				ALWAYS_SEARCH_USER_PATHS = NO;
				CLANG_ANALYZER_NONNULL = YES;
				CLANG_ANALYZER_NUMBER_OBJECT_CONVERSION = YES_AGGRESSIVE;
				CLANG_CXX_LANGUAGE_STANDARD = "gnu++20";
				CLANG_ENABLE_MODULES = YES;
				CLANG_ENABLE_OBJC_ARC = YES;
				CLANG_ENABLE_OBJC_WEAK = YES;
				CLANG_WARN_BLOCK_CAPTURE_AUTORELEASING = YES;
				CLANG_WARN_BOOL_CONVERSION = YES;
				CLANG_WARN_COMMA = YES;
				CLANG_WARN_CONSTANT_CONVERSION = YES;
				CLANG_WARN_DEPRECATED_OBJC_IMPLEMENTATIONS = YES;
				CLANG_WARN_DIRECT_OBJC_ISA_USAGE = YES_ERROR;
				CLANG_WARN_DOCUMENTATION_COMMENTS = YES;
				CLANG_WARN_EMPTY_BODY = YES;
				CLANG_WARN_ENUM_CONVERSION = YES;
				CLANG_WARN_INFINITE_RECURSION = YES;
				CLANG_WARN_INT_CONVERSION = YES;
				CLANG_WARN_NON_LITERAL_NULL_CONVERSION = YES;
				CLANG_WARN_OBJC_IMPLICIT_RETAIN_SELF = YES;
				CLANG_WARN_OBJC_LITERAL_CONVERSION = YES;
				CLANG_WARN_OBJC_ROOT_CLASS = YES_ERROR;
				CLANG_WARN_QUOTED_INCLUDE_IN_FRAMEWORK_HEADER = YES;
				CLANG_WARN_RANGE_LOOP_ANALYSIS = YES;
				CLANG_WARN_STRICT_PROTOTYPES = YES;
				CLANG_WARN_SUSPICIOUS_MOVE = YES;
				CLANG_WARN_UNGUARDED_AVAILABILITY = YES_AGGRESSIVE;
				CLANG_WARN_UNREACHABLE_CODE = YES;
				CLANG_WARN__DUPLICATE_METHOD_MATCH = YES;
				COPY_PHASE_STRIP = NO;
				DEBUG_INFORMATION_FORMAT = dwarf;
				ENABLE_STRICT_OBJC_MSGSEND = YES;
				ENABLE_TESTABILITY = YES;
				GCC_C_LANGUAGE_STANDARD = gnu11;
				GCC_DYNAMIC_NO_PIC = NO;
				GCC_NO_COMMON_BLOCKS = YES;
				GCC_OPTIMIZATION_LEVEL = 0;
				GCC_PREPROCESSOR_DEFINITIONS = (
					"DEBUG=1",
					"$(inherited)",
				);
				GCC_WARN_64_TO_32_BIT_CONVERSION = YES;
				GCC_WARN_ABOUT_RETURN_TYPE = YES_ERROR;
				GCC_WARN_UNDECLARED_SELECTOR = YES;
				GCC_WARN_UNINITIALIZED_AUTOS = YES_AGGRESSIVE;
				GCC_WARN_UNUSED_FUNCTION = YES;
				GCC_WARN_UNUSED_VARIABLE = YES;
				MTL_ENABLE_DEBUG_INFO = INCLUDE_SOURCE;
				MTL_FAST_MATH = YES;
				ONLY_ACTIVE_ARCH = YES;
				SWIFT_ACTIVE_COMPILATION_CONDITIONS = DEBUG;
				SWIFT_OPTIMIZATION_LEVEL = "-Onone";
			};
			name = Debug;
		};
		3DB8DCD92A408AD1006AA0ED /* Release */ = {
			isa = XCBuildConfiguration;
			buildSettings = {
				ALWAYS_SEARCH_USER_PATHS = NO;
				CLANG_ANALYZER_NONNULL = YES;
				CLANG_ANALYZER_NUMBER_OBJECT_CONVERSION = YES_AGGRESSIVE;
				CLANG_CXX_LANGUAGE_STANDARD = "gnu++20";
				CLANG_ENABLE_MODULES = YES;
				CLANG_ENABLE_OBJC_ARC = YES;
				CLANG_ENABLE_OBJC_WEAK = YES;
				CLANG_WARN_BLOCK_CAPTURE_AUTORELEASING = YES;
				CLANG_WARN_BOOL_CONVERSION = YES;
				CLANG_WARN_COMMA = YES;
				CLANG_WARN_CONSTANT_CONVERSION = YES;
				CLANG_WARN_DEPRECATED_OBJC_IMPLEMENTATIONS = YES;
				CLANG_WARN_DIRECT_OBJC_ISA_USAGE = YES_ERROR;
				CLANG_WARN_DOCUMENTATION_COMMENTS = YES;
				CLANG_WARN_EMPTY_BODY = YES;
				CLANG_WARN_ENUM_CONVERSION = YES;
				CLANG_WARN_INFINITE_RECURSION = YES;
				CLANG_WARN_INT_CONVERSION = YES;
				CLANG_WARN_NON_LITERAL_NULL_CONVERSION = YES;
				CLANG_WARN_OBJC_IMPLICIT_RETAIN_SELF = YES;
				CLANG_WARN_OBJC_LITERAL_CONVERSION = YES;
				CLANG_WARN_OBJC_ROOT_CLASS = YES_ERROR;
				CLANG_WARN_QUOTED_INCLUDE_IN_FRAMEWORK_HEADER = YES;
				CLANG_WARN_RANGE_LOOP_ANALYSIS = YES;
				CLANG_WARN_STRICT_PROTOTYPES = YES;
				CLANG_WARN_SUSPICIOUS_MOVE = YES;
				CLANG_WARN_UNGUARDED_AVAILABILITY = YES_AGGRESSIVE;
				CLANG_WARN_UNREACHABLE_CODE = YES;
				CLANG_WARN__DUPLICATE_METHOD_MATCH = YES;
				COPY_PHASE_STRIP = NO;
				DEBUG_INFORMATION_FORMAT = "dwarf-with-dsym";
				ENABLE_NS_ASSERTIONS = NO;
				ENABLE_STRICT_OBJC_MSGSEND = YES;
				GCC_C_LANGUAGE_STANDARD = gnu11;
				GCC_NO_COMMON_BLOCKS = YES;
				GCC_WARN_64_TO_32_BIT_CONVERSION = YES;
				GCC_WARN_ABOUT_RETURN_TYPE = YES_ERROR;
				GCC_WARN_UNDECLARED_SELECTOR = YES;
				GCC_WARN_UNINITIALIZED_AUTOS = YES_AGGRESSIVE;
				GCC_WARN_UNUSED_FUNCTION = YES;
				GCC_WARN_UNUSED_VARIABLE = YES;
				MTL_ENABLE_DEBUG_INFO = NO;
				MTL_FAST_MATH = YES;
				SWIFT_COMPILATION_MODE = wholemodule;
				SWIFT_OPTIMIZATION_LEVEL = "-O";
			};
			name = Release;
		};
		3DB8DCDB2A408AD1006AA0ED /* Debug */ = {
			isa = XCBuildConfiguration;
			buildSettings = {
				ASSETCATALOG_COMPILER_APPICON_NAME = AppIcon;
				ASSETCATALOG_COMPILER_GLOBAL_ACCENT_COLOR_NAME = AccentColor;
				CODE_SIGN_ENTITLEMENTS = XcuiTestBaseFramework/XcuiTestBaseFramework.entitlements;
				CODE_SIGN_STYLE = Automatic;
				CURRENT_PROJECT_VERSION = 1;
				DEVELOPMENT_ASSET_PATHS = "\"XcuiTestBaseFramework/Preview Content\"";
				ENABLE_PREVIEWS = YES;
				GENERATE_INFOPLIST_FILE = YES;
				"INFOPLIST_KEY_UIApplicationSceneManifest_Generation[sdk=iphoneos*]" = YES;
				"INFOPLIST_KEY_UIApplicationSceneManifest_Generation[sdk=iphonesimulator*]" = YES;
				"INFOPLIST_KEY_UIApplicationSupportsIndirectInputEvents[sdk=iphoneos*]" = YES;
				"INFOPLIST_KEY_UIApplicationSupportsIndirectInputEvents[sdk=iphonesimulator*]" = YES;
				"INFOPLIST_KEY_UILaunchScreen_Generation[sdk=iphoneos*]" = YES;
				"INFOPLIST_KEY_UILaunchScreen_Generation[sdk=iphonesimulator*]" = YES;
				"INFOPLIST_KEY_UIStatusBarStyle[sdk=iphoneos*]" = UIStatusBarStyleDefault;
				"INFOPLIST_KEY_UIStatusBarStyle[sdk=iphonesimulator*]" = UIStatusBarStyleDefault;
				INFOPLIST_KEY_UISupportedInterfaceOrientations_iPad = "UIInterfaceOrientationPortrait UIInterfaceOrientationPortraitUpsideDown UIInterfaceOrientationLandscapeLeft UIInterfaceOrientationLandscapeRight";
				INFOPLIST_KEY_UISupportedInterfaceOrientations_iPhone = "UIInterfaceOrientationPortrait UIInterfaceOrientationLandscapeLeft UIInterfaceOrientationLandscapeRight";
				IPHONEOS_DEPLOYMENT_TARGET = 16.2;
				LD_RUNPATH_SEARCH_PATHS = "@executable_path/Frameworks";
				"LD_RUNPATH_SEARCH_PATHS[sdk=macosx*]" = "@executable_path/../Frameworks";
				MACOSX_DEPLOYMENT_TARGET = 12.5;
				MARKETING_VERSION = 1.0;
				PRODUCT_BUNDLE_IDENTIFIER = com.sampleautomation.XcuiTestBaseFramework;
				PRODUCT_NAME = "$(TARGET_NAME)";
				SDKROOT = auto;
				SUPPORTED_PLATFORMS = "iphoneos iphonesimulator macosx";
				SWIFT_EMIT_LOC_STRINGS = YES;
				SWIFT_VERSION = 5.0;
				TARGETED_DEVICE_FAMILY = "1,2";
			};
			name = Debug;
		};
		3DB8DCDC2A408AD1006AA0ED /* Release */ = {
			isa = XCBuildConfiguration;
			buildSettings = {
				ASSETCATALOG_COMPILER_APPICON_NAME = AppIcon;
				ASSETCATALOG_COMPILER_GLOBAL_ACCENT_COLOR_NAME = AccentColor;
				CODE_SIGN_ENTITLEMENTS = XcuiTestBaseFramework/XcuiTestBaseFramework.entitlements;
				CODE_SIGN_STYLE = Automatic;
				CURRENT_PROJECT_VERSION = 1;
				DEVELOPMENT_ASSET_PATHS = "\"XcuiTestBaseFramework/Preview Content\"";
				ENABLE_PREVIEWS = YES;
				GENERATE_INFOPLIST_FILE = YES;
				"INFOPLIST_KEY_UIApplicationSceneManifest_Generation[sdk=iphoneos*]" = YES;
				"INFOPLIST_KEY_UIApplicationSceneManifest_Generation[sdk=iphonesimulator*]" = YES;
				"INFOPLIST_KEY_UIApplicationSupportsIndirectInputEvents[sdk=iphoneos*]" = YES;
				"INFOPLIST_KEY_UIApplicationSupportsIndirectInputEvents[sdk=iphonesimulator*]" = YES;
				"INFOPLIST_KEY_UILaunchScreen_Generation[sdk=iphoneos*]" = YES;
				"INFOPLIST_KEY_UILaunchScreen_Generation[sdk=iphonesimulator*]" = YES;
				"INFOPLIST_KEY_UIStatusBarStyle[sdk=iphoneos*]" = UIStatusBarStyleDefault;
				"INFOPLIST_KEY_UIStatusBarStyle[sdk=iphonesimulator*]" = UIStatusBarStyleDefault;
				INFOPLIST_KEY_UISupportedInterfaceOrientations_iPad = "UIInterfaceOrientationPortrait UIInterfaceOrientationPortraitUpsideDown UIInterfaceOrientationLandscapeLeft UIInterfaceOrientationLandscapeRight";
				INFOPLIST_KEY_UISupportedInterfaceOrientations_iPhone = "UIInterfaceOrientationPortrait UIInterfaceOrientationLandscapeLeft UIInterfaceOrientationLandscapeRight";
				IPHONEOS_DEPLOYMENT_TARGET = 16.2;
				LD_RUNPATH_SEARCH_PATHS = "@executable_path/Frameworks";
				"LD_RUNPATH_SEARCH_PATHS[sdk=macosx*]" = "@executable_path/../Frameworks";
				MACOSX_DEPLOYMENT_TARGET = 12.5;
				MARKETING_VERSION = 1.0;
				PRODUCT_BUNDLE_IDENTIFIER = com.sampleautomation.XcuiTestBaseFramework;
				PRODUCT_NAME = "$(TARGET_NAME)";
				SDKROOT = auto;
				SUPPORTED_PLATFORMS = "iphoneos iphonesimulator macosx";
				SWIFT_EMIT_LOC_STRINGS = YES;
				SWIFT_VERSION = 5.0;
				TARGETED_DEVICE_FAMILY = "1,2";
			};
			name = Release;
		};
		3DB8DCDE2A408AD1006AA0ED /* Debug */ = {
			isa = XCBuildConfiguration;
			buildSettings = {
				ALWAYS_EMBED_SWIFT_STANDARD_LIBRARIES = YES;
				BUNDLE_LOADER = "$(TEST_HOST)";
				CODE_SIGN_STYLE = Automatic;
				CURRENT_PROJECT_VERSION = 1;
				GENERATE_INFOPLIST_FILE = YES;
				IPHONEOS_DEPLOYMENT_TARGET = 16.2;
				MACOSX_DEPLOYMENT_TARGET = 12.5;
				MARKETING_VERSION = 1.0;
				PRODUCT_BUNDLE_IDENTIFIER = com.sampleautomation.XcuiTestBaseFrameworkTests;
				PRODUCT_NAME = "$(TARGET_NAME)";
				SDKROOT = auto;
				SUPPORTED_PLATFORMS = "iphoneos iphonesimulator macosx";
				SWIFT_EMIT_LOC_STRINGS = NO;
				SWIFT_VERSION = 5.0;
				TARGETED_DEVICE_FAMILY = "1,2";
				TEST_HOST = "$(BUILT_PRODUCTS_DIR)/XcuiTestBaseFramework.app/$(BUNDLE_EXECUTABLE_FOLDER_PATH)/XcuiTestBaseFramework";
			};
			name = Debug;
		};
		3DB8DCDF2A408AD1006AA0ED /* Release */ = {
			isa = XCBuildConfiguration;
			buildSettings = {
				ALWAYS_EMBED_SWIFT_STANDARD_LIBRARIES = YES;
				BUNDLE_LOADER = "$(TEST_HOST)";
				CODE_SIGN_STYLE = Automatic;
				CURRENT_PROJECT_VERSION = 1;
				GENERATE_INFOPLIST_FILE = YES;
				IPHONEOS_DEPLOYMENT_TARGET = 16.2;
				MACOSX_DEPLOYMENT_TARGET = 12.5;
				MARKETING_VERSION = 1.0;
				PRODUCT_BUNDLE_IDENTIFIER = com.sampleautomation.XcuiTestBaseFrameworkTests;
				PRODUCT_NAME = "$(TARGET_NAME)";
				SDKROOT = auto;
				SUPPORTED_PLATFORMS = "iphoneos iphonesimulator macosx";
				SWIFT_EMIT_LOC_STRINGS = NO;
				SWIFT_VERSION = 5.0;
				TARGETED_DEVICE_FAMILY = "1,2";
				TEST_HOST = "$(BUILT_PRODUCTS_DIR)/XcuiTestBaseFramework.app/$(BUNDLE_EXECUTABLE_FOLDER_PATH)/XcuiTestBaseFramework";
			};
			name = Release;
		};
		3DB8DCE12A408AD1006AA0ED /* Debug */ = {
			isa = XCBuildConfiguration;
			buildSettings = {
				ALWAYS_EMBED_SWIFT_STANDARD_LIBRARIES = YES;
				CODE_SIGN_STYLE = Automatic;
				CURRENT_PROJECT_VERSION = 1;
				GENERATE_INFOPLIST_FILE = YES;
				IPHONEOS_DEPLOYMENT_TARGET = 16.2;
				MACOSX_DEPLOYMENT_TARGET = 12.5;
				MARKETING_VERSION = 1.0;
				PRODUCT_BUNDLE_IDENTIFIER = com.sampleautomation.XcuiTestBaseFrameworkUITests;
				PRODUCT_NAME = "$(TARGET_NAME)";
				SDKROOT = auto;
				SUPPORTED_PLATFORMS = "iphoneos iphonesimulator macosx";
				SWIFT_EMIT_LOC_STRINGS = NO;
				SWIFT_VERSION = 5.0;
				TARGETED_DEVICE_FAMILY = "1,2";
				TEST_TARGET_NAME = XcuiTestBaseFramework;
			};
			name = Debug;
		};
		3DB8DCE22A408AD1006AA0ED /* Release */ = {
			isa = XCBuildConfiguration;
			buildSettings = {
				ALWAYS_EMBED_SWIFT_STANDARD_LIBRARIES = YES;
				CODE_SIGN_STYLE = Automatic;
				CURRENT_PROJECT_VERSION = 1;
				GENERATE_INFOPLIST_FILE = YES;
				IPHONEOS_DEPLOYMENT_TARGET = 16.2;
				MACOSX_DEPLOYMENT_TARGET = 12.5;
				MARKETING_VERSION = 1.0;
				PRODUCT_BUNDLE_IDENTIFIER = com.sampleautomation.XcuiTestBaseFrameworkUITests;
				PRODUCT_NAME = "$(TARGET_NAME)";
				SDKROOT = auto;
				SUPPORTED_PLATFORMS = "iphoneos iphonesimulator macosx";
				SWIFT_EMIT_LOC_STRINGS = NO;
				SWIFT_VERSION = 5.0;
				TARGETED_DEVICE_FAMILY = "1,2";
				TEST_TARGET_NAME = XcuiTestBaseFramework;
			};
			name = Release;
		};
/* End XCBuildConfiguration section */

/* Begin XCConfigurationList section */
		3DB8DCB02A408AD0006AA0ED /* Build configuration list for PBXProject "XcuiTestBaseFramework" */ = {
			isa = XCConfigurationList;
			buildConfigurations = (
				3DB8DCD82A408AD1006AA0ED /* Debug */,
				3DB8DCD92A408AD1006AA0ED /* Release */,
			);
			defaultConfigurationIsVisible = 0;
			defaultConfigurationName = Release;
		};
		3DB8DCDA2A408AD1006AA0ED /* Build configuration list for PBXNativeTarget "XcuiTestBaseFramework" */ = {
			isa = XCConfigurationList;
			buildConfigurations = (
				3DB8DCDB2A408AD1006AA0ED /* Debug */,
				3DB8DCDC2A408AD1006AA0ED /* Release */,
			);
			defaultConfigurationIsVisible = 0;
			defaultConfigurationName = Release;
		};
		3DB8DCDD2A408AD1006AA0ED /* Build configuration list for PBXNativeTarget "XcuiTestBaseFrameworkTests" */ = {
			isa = XCConfigurationList;
			buildConfigurations = (
				3DB8DCDE2A408AD1006AA0ED /* Debug */,
				3DB8DCDF2A408AD1006AA0ED /* Release */,
			);
			defaultConfigurationIsVisible = 0;
			defaultConfigurationName = Release;
		};
		3DB8DCE02A408AD1006AA0ED /* Build configuration list for PBXNativeTarget "XcuiTestBaseFrameworkUITests" */ = {
			isa = XCConfigurationList;
			buildConfigurations = (
				3DB8DCE12A408AD1006AA0ED /* Debug */,
				3DB8DCE22A408AD1006AA0ED /* Release */,
			);
			defaultConfigurationIsVisible = 0;
			defaultConfigurationName = Release;
		};
/* End XCConfigurationList section */
	};
	rootObject = 3DB8DCAD2A408AD0006AA0ED /* Project object */;
}
